// !$*UTF8*$!
{
	archiveVersion = 1;
	classes = {
	};
	objectVersion = 46;
	objects = {

/* Begin PBXBuildFile section */
		491FF1A5193BC6FA00A5F3CE /* MAVMutableMatrix.m in Sources */ = {isa = PBXBuildFile; fileRef = 491FF1A4193BC6FA00A5F3CE /* MAVMutableMatrix.m */; };
		491FF1A8193BC75300A5F3CE /* MAVMutableVector.m in Sources */ = {isa = PBXBuildFile; fileRef = 491FF1A7193BC75300A5F3CE /* MAVMutableVector.m */; };
		499734AF192594DF0004A8E5 /* Foundation.framework in Frameworks */ = {isa = PBXBuildFile; fileRef = 499734AE192594DF0004A8E5 /* Foundation.framework */; };
		499734B1192594DF0004A8E5 /* CoreGraphics.framework in Frameworks */ = {isa = PBXBuildFile; fileRef = 499734B0192594DF0004A8E5 /* CoreGraphics.framework */; };
		499734B9192594DF0004A8E5 /* InfoPlist.strings in Resources */ = {isa = PBXBuildFile; fileRef = 499734B7192594DF0004A8E5 /* InfoPlist.strings */; };
		499734BB192594DF0004A8E5 /* main.m in Sources */ = {isa = PBXBuildFile; fileRef = 499734BA192594DF0004A8E5 /* main.m */; };
		499734BF192594DF0004A8E5 /* AppDelegate.m in Sources */ = {isa = PBXBuildFile; fileRef = 499734BE192594DF0004A8E5 /* AppDelegate.m */; };
		499734C1192594DF0004A8E5 /* Images.xcassets in Resources */ = {isa = PBXBuildFile; fileRef = 499734C0192594DF0004A8E5 /* Images.xcassets */; };
		499734E0192595230004A8E5 /* XCTest.framework in Frameworks */ = {isa = PBXBuildFile; fileRef = 499734C7192594DF0004A8E5 /* XCTest.framework */; };
		499734E1192595230004A8E5 /* Foundation.framework in Frameworks */ = {isa = PBXBuildFile; fileRef = 499734AE192594DF0004A8E5 /* Foundation.framework */; };
		499734E8192595230004A8E5 /* InfoPlist.strings in Resources */ = {isa = PBXBuildFile; fileRef = 499734E6192595230004A8E5 /* InfoPlist.strings */; };
		499734FF1925969A0004A8E5 /* MAVEigendecompositionTests.m in Sources */ = {isa = PBXBuildFile; fileRef = 499734F01925969A0004A8E5 /* MAVEigendecompositionTests.m */; };
		499735001925969A0004A8E5 /* MAVLeastSquaresSolutionTests.m in Sources */ = {isa = PBXBuildFile; fileRef = 499734F11925969A0004A8E5 /* MAVLeastSquaresSolutionTests.m */; };
		499735011925969A0004A8E5 /* MAVLUDecompositionTests.m in Sources */ = {isa = PBXBuildFile; fileRef = 499734F21925969A0004A8E5 /* MAVLUDecompositionTests.m */; };
		499735021925969A0004A8E5 /* MAVMatrixArithmeticTests.m in Sources */ = {isa = PBXBuildFile; fileRef = 499734F31925969A0004A8E5 /* MAVMatrixArithmeticTests.m */; };
		499735031925969A0004A8E5 /* MAVMatrixConstructionTests.m in Sources */ = {isa = PBXBuildFile; fileRef = 499734F41925969A0004A8E5 /* MAVMatrixConstructionTests.m */; };
		499735041925969A0004A8E5 /* MAVMatrixCopyAndEqualityTests.m in Sources */ = {isa = PBXBuildFile; fileRef = 499734F51925969A0004A8E5 /* MAVMatrixCopyAndEqualityTests.m */; };
		499735051925969A0004A8E5 /* MAVMatrixInversionTests.m in Sources */ = {isa = PBXBuildFile; fileRef = 499734F61925969A0004A8E5 /* MAVMatrixInversionTests.m */; };
		499735061925969A0004A8E5 /* MAVMatrixMultiplicationTests.m in Sources */ = {isa = PBXBuildFile; fileRef = 499734F71925969A0004A8E5 /* MAVMatrixMultiplicationTests.m */; };
		499735071925969A0004A8E5 /* MAVMatrixOperationTests.m in Sources */ = {isa = PBXBuildFile; fileRef = 499734F81925969A0004A8E5 /* MAVMatrixOperationTests.m */; };
		499735081925969A0004A8E5 /* MAVMatrixPropertyTests.m in Sources */ = {isa = PBXBuildFile; fileRef = 499734F91925969A0004A8E5 /* MAVMatrixPropertyTests.m */; };
		499735091925969A0004A8E5 /* MAVMatrixValueRepresentationConversion.m in Sources */ = {isa = PBXBuildFile; fileRef = 499734FA1925969A0004A8E5 /* MAVMatrixValueRepresentationConversion.m */; };
		4997350A1925969A0004A8E5 /* MAVMinorCofactorAdjugateTests.m in Sources */ = {isa = PBXBuildFile; fileRef = 499734FB1925969A0004A8E5 /* MAVMinorCofactorAdjugateTests.m */; };
		4997350B1925969A0004A8E5 /* MAVQRDecompositionTests.m in Sources */ = {isa = PBXBuildFile; fileRef = 499734FC1925969A0004A8E5 /* MAVQRDecompositionTests.m */; };
		4997350C1925969A0004A8E5 /* MAVRotationMatrixTests.m in Sources */ = {isa = PBXBuildFile; fileRef = 499734FD1925969A0004A8E5 /* MAVRotationMatrixTests.m */; };
		4997350D1925969A0004A8E5 /* MAVSingularValueDecompositionTests.m in Sources */ = {isa = PBXBuildFile; fileRef = 499734FE1925969A0004A8E5 /* MAVSingularValueDecompositionTests.m */; };
		49973510192596A10004A8E5 /* MAVVectorTests.m in Sources */ = {isa = PBXBuildFile; fileRef = 4997350F192596A10004A8E5 /* MAVVectorTests.m */; };
		49973514192596AB0004A8E5 /* Demos.m in Sources */ = {isa = PBXBuildFile; fileRef = 49973512192596AB0004A8E5 /* Demos.m */; };
		49973515192596AB0004A8E5 /* MaVecTests.m in Sources */ = {isa = PBXBuildFile; fileRef = 49973513192596AB0004A8E5 /* MaVecTests.m */; };
		49973522192596B70004A8E5 /* ApproximationView.m in Sources */ = {isa = PBXBuildFile; fileRef = 49973518192596B70004A8E5 /* ApproximationView.m */; };
		49973523192596B70004A8E5 /* DemoChoiceTableViewController.m in Sources */ = {isa = PBXBuildFile; fileRef = 4997351A192596B70004A8E5 /* DemoChoiceTableViewController.m */; };
		49973524192596B70004A8E5 /* LeastSquaresApproximationViewController.m in Sources */ = {isa = PBXBuildFile; fileRef = 4997351C192596B70004A8E5 /* LeastSquaresApproximationViewController.m */; };
		49973525192596B70004A8E5 /* LeastSquaresApproximationViewController.xib in Resources */ = {isa = PBXBuildFile; fileRef = 4997351D192596B70004A8E5 /* LeastSquaresApproximationViewController.xib */; };
		49973526192596B70004A8E5 /* LinearApproximationView.xib in Resources */ = {isa = PBXBuildFile; fileRef = 4997351E192596B70004A8E5 /* LinearApproximationView.xib */; };
		49973527192596B70004A8E5 /* SVDImageCompressionViewController.m in Sources */ = {isa = PBXBuildFile; fileRef = 49973520192596B70004A8E5 /* SVDImageCompressionViewController.m */; };
		49973528192596B70004A8E5 /* SVDImageCompressionViewController.xib in Resources */ = {isa = PBXBuildFile; fileRef = 49973521192596B70004A8E5 /* SVDImageCompressionViewController.xib */; };
		49973538192596BE0004A8E5 /* MAVEigendecomposition.m in Sources */ = {isa = PBXBuildFile; fileRef = 4997352C192596BE0004A8E5 /* MAVEigendecomposition.m */; };
		49973539192596BE0004A8E5 /* MAVLUFactorization.m in Sources */ = {isa = PBXBuildFile; fileRef = 4997352E192596BE0004A8E5 /* MAVLUFactorization.m */; };
		4997353A192596BE0004A8E5 /* MAVMatrix.m in Sources */ = {isa = PBXBuildFile; fileRef = 49973530192596BE0004A8E5 /* MAVMatrix.m */; };
		4997353B192596BE0004A8E5 /* MAVQRFactorization.m in Sources */ = {isa = PBXBuildFile; fileRef = 49973532192596BE0004A8E5 /* MAVQRFactorization.m */; };
		4997353C192596BE0004A8E5 /* MAVSingularValueDecomposition.m in Sources */ = {isa = PBXBuildFile; fileRef = 49973534192596BE0004A8E5 /* MAVSingularValueDecomposition.m */; };
		4997353D192596BE0004A8E5 /* MAVVector.m in Sources */ = {isa = PBXBuildFile; fileRef = 49973537192596BE0004A8E5 /* MAVVector.m */; };
		4997355A192599AB0004A8E5 /* NSFetchRequest+RZCreationHelpers.m in Sources */ = {isa = PBXBuildFile; fileRef = 49973542192599AB0004A8E5 /* NSFetchRequest+RZCreationHelpers.m */; };
		4997355B192599AB0004A8E5 /* RZArrayCollectionList.m in Sources */ = {isa = PBXBuildFile; fileRef = 49973544192599AB0004A8E5 /* RZArrayCollectionList.m */; };
		4997355C192599AB0004A8E5 /* RZBaseCollectionList.m in Sources */ = {isa = PBXBuildFile; fileRef = 49973546192599AB0004A8E5 /* RZBaseCollectionList.m */; };
		4997355D192599AB0004A8E5 /* RZCollectionListCollectionViewDataSource.m in Sources */ = {isa = PBXBuildFile; fileRef = 49973549192599AB0004A8E5 /* RZCollectionListCollectionViewDataSource.m */; };
		4997355E192599AB0004A8E5 /* RZCollectionListNotificationWrappers.m in Sources */ = {isa = PBXBuildFile; fileRef = 4997354B192599AB0004A8E5 /* RZCollectionListNotificationWrappers.m */; };
		4997355F192599AB0004A8E5 /* RZCollectionListTableViewDataSource.m in Sources */ = {isa = PBXBuildFile; fileRef = 4997354E192599AB0004A8E5 /* RZCollectionListTableViewDataSource.m */; };
		49973560192599AB0004A8E5 /* RZCompositeCollectionList.m in Sources */ = {isa = PBXBuildFile; fileRef = 49973550192599AB0004A8E5 /* RZCompositeCollectionList.m */; };
		49973561192599AB0004A8E5 /* RZFetchedCollectionList.m in Sources */ = {isa = PBXBuildFile; fileRef = 49973552192599AB0004A8E5 /* RZFetchedCollectionList.m */; };
		49973562192599AB0004A8E5 /* RZFilteredCollectionList.m in Sources */ = {isa = PBXBuildFile; fileRef = 49973554192599AB0004A8E5 /* RZFilteredCollectionList.m */; };
		49973563192599AB0004A8E5 /* RZObserverCollection.m in Sources */ = {isa = PBXBuildFile; fileRef = 49973556192599AB0004A8E5 /* RZObserverCollection.m */; };
		49973564192599AB0004A8E5 /* RZSortedCollectionList.m in Sources */ = {isa = PBXBuildFile; fileRef = 49973558192599AB0004A8E5 /* RZSortedCollectionList.m */; };
		499735BA1925A0290004A8E5 /* NSNumber+MCKMath.m in Sources */ = {isa = PBXBuildFile; fileRef = 499735A81925A0290004A8E5 /* NSNumber+MCKMath.m */; };
		499735BB1925A0290004A8E5 /* MCKComplexNumber.m in Sources */ = {isa = PBXBuildFile; fileRef = 499735AB1925A0290004A8E5 /* MCKComplexNumber.m */; };
		499735BC1925A0290004A8E5 /* MCKPair.m in Sources */ = {isa = PBXBuildFile; fileRef = 499735AE1925A0290004A8E5 /* MCKPair.m */; };
		499735BD1925A0290004A8E5 /* MCKRealNumber.m in Sources */ = {isa = PBXBuildFile; fileRef = 499735B01925A0290004A8E5 /* MCKRealNumber.m */; };
		499735BE1925A0290004A8E5 /* MCKTribool.m in Sources */ = {isa = PBXBuildFile; fileRef = 499735B21925A0290004A8E5 /* MCKTribool.m */; };
		499735BF1925A0290004A8E5 /* MCKPolynomial.m in Sources */ = {isa = PBXBuildFile; fileRef = 499735B61925A0290004A8E5 /* MCKPolynomial.m */; };
		499735C01925A0290004A8E5 /* MCKQuadratic.m in Sources */ = {isa = PBXBuildFile; fileRef = 499735B81925A0290004A8E5 /* MCKQuadratic.m */; };
		499735C31925A1280004A8E5 /* NSNumber+MCKPrecision.m in Sources */ = {isa = PBXBuildFile; fileRef = 499735C21925A1280004A8E5 /* NSNumber+MCKPrecision.m */; };
		499735C61925A1D80004A8E5 /* NSData+MCKPrecision.m in Sources */ = {isa = PBXBuildFile; fileRef = 499735C51925A1D80004A8E5 /* NSData+MCKPrecision.m */; };
/* End PBXBuildFile section */

/* Begin PBXFileReference section */
		491FF1A3193BC6FA00A5F3CE /* MAVMutableMatrix.h */ = {isa = PBXFileReference; fileEncoding = 4; lastKnownFileType = sourcecode.c.h; path = MAVMutableMatrix.h; sourceTree = "<group>"; };
		491FF1A4193BC6FA00A5F3CE /* MAVMutableMatrix.m */ = {isa = PBXFileReference; fileEncoding = 4; lastKnownFileType = sourcecode.c.objc; path = MAVMutableMatrix.m; sourceTree = "<group>"; };
		491FF1A6193BC75300A5F3CE /* MAVMutableVector.h */ = {isa = PBXFileReference; fileEncoding = 4; lastKnownFileType = sourcecode.c.h; name = MAVMutableVector.h; path = ../Matrices/MAVMutableVector.h; sourceTree = "<group>"; };
		491FF1A7193BC75300A5F3CE /* MAVMutableVector.m */ = {isa = PBXFileReference; fileEncoding = 4; lastKnownFileType = sourcecode.c.objc; name = MAVMutableVector.m; path = ../Matrices/MAVMutableVector.m; sourceTree = "<group>"; };
		499734AB192594DF0004A8E5 /* MaVec-Demo.app */ = {isa = PBXFileReference; explicitFileType = wrapper.application; includeInIndex = 0; path = "MaVec-Demo.app"; sourceTree = BUILT_PRODUCTS_DIR; };
		499734AE192594DF0004A8E5 /* Foundation.framework */ = {isa = PBXFileReference; lastKnownFileType = wrapper.framework; name = Foundation.framework; path = System/Library/Frameworks/Foundation.framework; sourceTree = SDKROOT; };
		499734B0192594DF0004A8E5 /* CoreGraphics.framework */ = {isa = PBXFileReference; lastKnownFileType = wrapper.framework; name = CoreGraphics.framework; path = System/Library/Frameworks/CoreGraphics.framework; sourceTree = SDKROOT; };
		499734B6192594DF0004A8E5 /* MaVec-Demo-Info.plist */ = {isa = PBXFileReference; lastKnownFileType = text.plist.xml; path = "MaVec-Demo-Info.plist"; sourceTree = "<group>"; };
		499734B8192594DF0004A8E5 /* en */ = {isa = PBXFileReference; lastKnownFileType = text.plist.strings; name = en; path = en.lproj/InfoPlist.strings; sourceTree = "<group>"; };
		499734BA192594DF0004A8E5 /* main.m */ = {isa = PBXFileReference; lastKnownFileType = sourcecode.c.objc; path = main.m; sourceTree = "<group>"; };
		499734BC192594DF0004A8E5 /* MaVec-Demo-Prefix.pch */ = {isa = PBXFileReference; lastKnownFileType = sourcecode.c.h; path = "MaVec-Demo-Prefix.pch"; sourceTree = "<group>"; };
		499734BD192594DF0004A8E5 /* AppDelegate.h */ = {isa = PBXFileReference; lastKnownFileType = sourcecode.c.h; path = AppDelegate.h; sourceTree = "<group>"; };
		499734BE192594DF0004A8E5 /* AppDelegate.m */ = {isa = PBXFileReference; lastKnownFileType = sourcecode.c.objc; path = AppDelegate.m; sourceTree = "<group>"; };
		499734C0192594DF0004A8E5 /* Images.xcassets */ = {isa = PBXFileReference; lastKnownFileType = folder.assetcatalog; path = Images.xcassets; sourceTree = "<group>"; };
		499734C7192594DF0004A8E5 /* XCTest.framework */ = {isa = PBXFileReference; lastKnownFileType = wrapper.framework; name = XCTest.framework; path = Library/Frameworks/XCTest.framework; sourceTree = DEVELOPER_DIR; };
		499734DF192595230004A8E5 /* MaVec-Tests.xctest */ = {isa = PBXFileReference; explicitFileType = wrapper.cfbundle; includeInIndex = 0; path = "MaVec-Tests.xctest"; sourceTree = BUILT_PRODUCTS_DIR; };
		499734E5192595230004A8E5 /* MaVec-Tests-Info.plist */ = {isa = PBXFileReference; lastKnownFileType = text.plist.xml; path = "MaVec-Tests-Info.plist"; sourceTree = "<group>"; };
		499734E7192595230004A8E5 /* en */ = {isa = PBXFileReference; lastKnownFileType = text.plist.strings; name = en; path = en.lproj/InfoPlist.strings; sourceTree = "<group>"; };
		499734EB192595230004A8E5 /* MaVec-Tests-Prefix.pch */ = {isa = PBXFileReference; lastKnownFileType = sourcecode.c.h; path = "MaVec-Tests-Prefix.pch"; sourceTree = "<group>"; };
		499734F01925969A0004A8E5 /* MAVEigendecompositionTests.m */ = {isa = PBXFileReference; fileEncoding = 4; lastKnownFileType = sourcecode.c.objc; path = MAVEigendecompositionTests.m; sourceTree = "<group>"; };
		499734F11925969A0004A8E5 /* MAVLeastSquaresSolutionTests.m */ = {isa = PBXFileReference; fileEncoding = 4; lastKnownFileType = sourcecode.c.objc; path = MAVLeastSquaresSolutionTests.m; sourceTree = "<group>"; };
		499734F21925969A0004A8E5 /* MAVLUDecompositionTests.m */ = {isa = PBXFileReference; fileEncoding = 4; lastKnownFileType = sourcecode.c.objc; path = MAVLUDecompositionTests.m; sourceTree = "<group>"; };
		499734F31925969A0004A8E5 /* MAVMatrixArithmeticTests.m */ = {isa = PBXFileReference; fileEncoding = 4; lastKnownFileType = sourcecode.c.objc; path = MAVMatrixArithmeticTests.m; sourceTree = "<group>"; };
		499734F41925969A0004A8E5 /* MAVMatrixConstructionTests.m */ = {isa = PBXFileReference; fileEncoding = 4; lastKnownFileType = sourcecode.c.objc; path = MAVMatrixConstructionTests.m; sourceTree = "<group>"; };
		499734F51925969A0004A8E5 /* MAVMatrixCopyAndEqualityTests.m */ = {isa = PBXFileReference; fileEncoding = 4; lastKnownFileType = sourcecode.c.objc; path = MAVMatrixCopyAndEqualityTests.m; sourceTree = "<group>"; };
		499734F61925969A0004A8E5 /* MAVMatrixInversionTests.m */ = {isa = PBXFileReference; fileEncoding = 4; lastKnownFileType = sourcecode.c.objc; path = MAVMatrixInversionTests.m; sourceTree = "<group>"; };
		499734F71925969A0004A8E5 /* MAVMatrixMultiplicationTests.m */ = {isa = PBXFileReference; fileEncoding = 4; lastKnownFileType = sourcecode.c.objc; path = MAVMatrixMultiplicationTests.m; sourceTree = "<group>"; };
		499734F81925969A0004A8E5 /* MAVMatrixOperationTests.m */ = {isa = PBXFileReference; fileEncoding = 4; lastKnownFileType = sourcecode.c.objc; path = MAVMatrixOperationTests.m; sourceTree = "<group>"; };
		499734F91925969A0004A8E5 /* MAVMatrixPropertyTests.m */ = {isa = PBXFileReference; fileEncoding = 4; lastKnownFileType = sourcecode.c.objc; path = MAVMatrixPropertyTests.m; sourceTree = "<group>"; };
		499734FA1925969A0004A8E5 /* MAVMatrixValueRepresentationConversion.m */ = {isa = PBXFileReference; fileEncoding = 4; lastKnownFileType = sourcecode.c.objc; path = MAVMatrixValueRepresentationConversion.m; sourceTree = "<group>"; };
		499734FB1925969A0004A8E5 /* MAVMinorCofactorAdjugateTests.m */ = {isa = PBXFileReference; fileEncoding = 4; lastKnownFileType = sourcecode.c.objc; path = MAVMinorCofactorAdjugateTests.m; sourceTree = "<group>"; };
		499734FC1925969A0004A8E5 /* MAVQRDecompositionTests.m */ = {isa = PBXFileReference; fileEncoding = 4; lastKnownFileType = sourcecode.c.objc; path = MAVQRDecompositionTests.m; sourceTree = "<group>"; };
		499734FD1925969A0004A8E5 /* MAVRotationMatrixTests.m */ = {isa = PBXFileReference; fileEncoding = 4; lastKnownFileType = sourcecode.c.objc; path = MAVRotationMatrixTests.m; sourceTree = "<group>"; };
		499734FE1925969A0004A8E5 /* MAVSingularValueDecompositionTests.m */ = {isa = PBXFileReference; fileEncoding = 4; lastKnownFileType = sourcecode.c.objc; path = MAVSingularValueDecompositionTests.m; sourceTree = "<group>"; };
		4997350F192596A10004A8E5 /* MAVVectorTests.m */ = {isa = PBXFileReference; fileEncoding = 4; lastKnownFileType = sourcecode.c.objc; path = MAVVectorTests.m; sourceTree = "<group>"; };
		49973512192596AB0004A8E5 /* Demos.m */ = {isa = PBXFileReference; fileEncoding = 4; lastKnownFileType = sourcecode.c.objc; path = Demos.m; sourceTree = "<group>"; };
		49973513192596AB0004A8E5 /* MaVecTests.m */ = {isa = PBXFileReference; fileEncoding = 4; lastKnownFileType = sourcecode.c.objc; path = MaVecTests.m; sourceTree = "<group>"; };
		49973517192596B70004A8E5 /* ApproximationView.h */ = {isa = PBXFileReference; fileEncoding = 4; lastKnownFileType = sourcecode.c.h; path = ApproximationView.h; sourceTree = "<group>"; };
		49973518192596B70004A8E5 /* ApproximationView.m */ = {isa = PBXFileReference; fileEncoding = 4; lastKnownFileType = sourcecode.c.objc; path = ApproximationView.m; sourceTree = "<group>"; };
		49973519192596B70004A8E5 /* DemoChoiceTableViewController.h */ = {isa = PBXFileReference; fileEncoding = 4; lastKnownFileType = sourcecode.c.h; path = DemoChoiceTableViewController.h; sourceTree = "<group>"; };
		4997351A192596B70004A8E5 /* DemoChoiceTableViewController.m */ = {isa = PBXFileReference; fileEncoding = 4; lastKnownFileType = sourcecode.c.objc; path = DemoChoiceTableViewController.m; sourceTree = "<group>"; };
		4997351B192596B70004A8E5 /* LeastSquaresApproximationViewController.h */ = {isa = PBXFileReference; fileEncoding = 4; lastKnownFileType = sourcecode.c.h; path = LeastSquaresApproximationViewController.h; sourceTree = "<group>"; };
		4997351C192596B70004A8E5 /* LeastSquaresApproximationViewController.m */ = {isa = PBXFileReference; fileEncoding = 4; lastKnownFileType = sourcecode.c.objc; path = LeastSquaresApproximationViewController.m; sourceTree = "<group>"; };
		4997351D192596B70004A8E5 /* LeastSquaresApproximationViewController.xib */ = {isa = PBXFileReference; fileEncoding = 4; lastKnownFileType = file.xib; path = LeastSquaresApproximationViewController.xib; sourceTree = "<group>"; };
		4997351E192596B70004A8E5 /* LinearApproximationView.xib */ = {isa = PBXFileReference; fileEncoding = 4; lastKnownFileType = file.xib; path = LinearApproximationView.xib; sourceTree = "<group>"; };
		4997351F192596B70004A8E5 /* SVDImageCompressionViewController.h */ = {isa = PBXFileReference; fileEncoding = 4; lastKnownFileType = sourcecode.c.h; path = SVDImageCompressionViewController.h; sourceTree = "<group>"; };
		49973520192596B70004A8E5 /* SVDImageCompressionViewController.m */ = {isa = PBXFileReference; fileEncoding = 4; lastKnownFileType = sourcecode.c.objc; path = SVDImageCompressionViewController.m; sourceTree = "<group>"; };
		49973521192596B70004A8E5 /* SVDImageCompressionViewController.xib */ = {isa = PBXFileReference; fileEncoding = 4; lastKnownFileType = file.xib; path = SVDImageCompressionViewController.xib; sourceTree = "<group>"; };
		4997352B192596BE0004A8E5 /* MAVEigendecomposition.h */ = {isa = PBXFileReference; fileEncoding = 4; lastKnownFileType = sourcecode.c.h; path = MAVEigendecomposition.h; sourceTree = "<group>"; };
		4997352C192596BE0004A8E5 /* MAVEigendecomposition.m */ = {isa = PBXFileReference; fileEncoding = 4; lastKnownFileType = sourcecode.c.objc; path = MAVEigendecomposition.m; sourceTree = "<group>"; };
		4997352D192596BE0004A8E5 /* MAVLUFactorization.h */ = {isa = PBXFileReference; fileEncoding = 4; lastKnownFileType = sourcecode.c.h; path = MAVLUFactorization.h; sourceTree = "<group>"; };
		4997352E192596BE0004A8E5 /* MAVLUFactorization.m */ = {isa = PBXFileReference; fileEncoding = 4; lastKnownFileType = sourcecode.c.objc; path = MAVLUFactorization.m; sourceTree = "<group>"; };
		4997352F192596BE0004A8E5 /* MAVMatrix.h */ = {isa = PBXFileReference; fileEncoding = 4; lastKnownFileType = sourcecode.c.h; path = MAVMatrix.h; sourceTree = "<group>"; };
		49973530192596BE0004A8E5 /* MAVMatrix.m */ = {isa = PBXFileReference; fileEncoding = 4; lastKnownFileType = sourcecode.c.objc; path = MAVMatrix.m; sourceTree = "<group>"; };
		49973531192596BE0004A8E5 /* MAVQRFactorization.h */ = {isa = PBXFileReference; fileEncoding = 4; lastKnownFileType = sourcecode.c.h; path = MAVQRFactorization.h; sourceTree = "<group>"; };
		49973532192596BE0004A8E5 /* MAVQRFactorization.m */ = {isa = PBXFileReference; fileEncoding = 4; lastKnownFileType = sourcecode.c.objc; path = MAVQRFactorization.m; sourceTree = "<group>"; };
		49973533192596BE0004A8E5 /* MAVSingularValueDecomposition.h */ = {isa = PBXFileReference; fileEncoding = 4; lastKnownFileType = sourcecode.c.h; path = MAVSingularValueDecomposition.h; sourceTree = "<group>"; };
		49973534192596BE0004A8E5 /* MAVSingularValueDecomposition.m */ = {isa = PBXFileReference; fileEncoding = 4; lastKnownFileType = sourcecode.c.objc; path = MAVSingularValueDecomposition.m; sourceTree = "<group>"; };
		49973536192596BE0004A8E5 /* MAVVector.h */ = {isa = PBXFileReference; fileEncoding = 4; lastKnownFileType = sourcecode.c.h; path = MAVVector.h; sourceTree = "<group>"; };
		49973537192596BE0004A8E5 /* MAVVector.m */ = {isa = PBXFileReference; fileEncoding = 4; lastKnownFileType = sourcecode.c.objc; path = MAVVector.m; sourceTree = "<group>"; };
		49973541192599AB0004A8E5 /* NSFetchRequest+RZCreationHelpers.h */ = {isa = PBXFileReference; fileEncoding = 4; lastKnownFileType = sourcecode.c.h; path = "NSFetchRequest+RZCreationHelpers.h"; sourceTree = "<group>"; };
		49973542192599AB0004A8E5 /* NSFetchRequest+RZCreationHelpers.m */ = {isa = PBXFileReference; fileEncoding = 4; lastKnownFileType = sourcecode.c.objc; path = "NSFetchRequest+RZCreationHelpers.m"; sourceTree = "<group>"; };
		49973543192599AB0004A8E5 /* RZArrayCollectionList.h */ = {isa = PBXFileReference; fileEncoding = 4; lastKnownFileType = sourcecode.c.h; path = RZArrayCollectionList.h; sourceTree = "<group>"; };
		49973544192599AB0004A8E5 /* RZArrayCollectionList.m */ = {isa = PBXFileReference; fileEncoding = 4; lastKnownFileType = sourcecode.c.objc; path = RZArrayCollectionList.m; sourceTree = "<group>"; };
		49973545192599AB0004A8E5 /* RZBaseCollectionList.h */ = {isa = PBXFileReference; fileEncoding = 4; lastKnownFileType = sourcecode.c.h; path = RZBaseCollectionList.h; sourceTree = "<group>"; };
		49973546192599AB0004A8E5 /* RZBaseCollectionList.m */ = {isa = PBXFileReference; fileEncoding = 4; lastKnownFileType = sourcecode.c.objc; path = RZBaseCollectionList.m; sourceTree = "<group>"; };
		49973547192599AB0004A8E5 /* RZBaseCollectionList_Private.h */ = {isa = PBXFileReference; fileEncoding = 4; lastKnownFileType = sourcecode.c.h; path = RZBaseCollectionList_Private.h; sourceTree = "<group>"; };
		49973548192599AB0004A8E5 /* RZCollectionListCollectionViewDataSource.h */ = {isa = PBXFileReference; fileEncoding = 4; lastKnownFileType = sourcecode.c.h; path = RZCollectionListCollectionViewDataSource.h; sourceTree = "<group>"; };
		49973549192599AB0004A8E5 /* RZCollectionListCollectionViewDataSource.m */ = {isa = PBXFileReference; fileEncoding = 4; lastKnownFileType = sourcecode.c.objc; path = RZCollectionListCollectionViewDataSource.m; sourceTree = "<group>"; };
		4997354A192599AB0004A8E5 /* RZCollectionListNotificationWrappers.h */ = {isa = PBXFileReference; fileEncoding = 4; lastKnownFileType = sourcecode.c.h; path = RZCollectionListNotificationWrappers.h; sourceTree = "<group>"; };
		4997354B192599AB0004A8E5 /* RZCollectionListNotificationWrappers.m */ = {isa = PBXFileReference; fileEncoding = 4; lastKnownFileType = sourcecode.c.objc; path = RZCollectionListNotificationWrappers.m; sourceTree = "<group>"; };
		4997354C192599AB0004A8E5 /* RZCollectionListProtocol.h */ = {isa = PBXFileReference; fileEncoding = 4; lastKnownFileType = sourcecode.c.h; path = RZCollectionListProtocol.h; sourceTree = "<group>"; };
		4997354D192599AB0004A8E5 /* RZCollectionListTableViewDataSource.h */ = {isa = PBXFileReference; fileEncoding = 4; lastKnownFileType = sourcecode.c.h; path = RZCollectionListTableViewDataSource.h; sourceTree = "<group>"; };
		4997354E192599AB0004A8E5 /* RZCollectionListTableViewDataSource.m */ = {isa = PBXFileReference; fileEncoding = 4; lastKnownFileType = sourcecode.c.objc; path = RZCollectionListTableViewDataSource.m; sourceTree = "<group>"; };
		4997354F192599AB0004A8E5 /* RZCompositeCollectionList.h */ = {isa = PBXFileReference; fileEncoding = 4; lastKnownFileType = sourcecode.c.h; path = RZCompositeCollectionList.h; sourceTree = "<group>"; };
		49973550192599AB0004A8E5 /* RZCompositeCollectionList.m */ = {isa = PBXFileReference; fileEncoding = 4; lastKnownFileType = sourcecode.c.objc; path = RZCompositeCollectionList.m; sourceTree = "<group>"; };
		49973551192599AB0004A8E5 /* RZFetchedCollectionList.h */ = {isa = PBXFileReference; fileEncoding = 4; lastKnownFileType = sourcecode.c.h; path = RZFetchedCollectionList.h; sourceTree = "<group>"; };
		49973552192599AB0004A8E5 /* RZFetchedCollectionList.m */ = {isa = PBXFileReference; fileEncoding = 4; lastKnownFileType = sourcecode.c.objc; path = RZFetchedCollectionList.m; sourceTree = "<group>"; };
		49973553192599AB0004A8E5 /* RZFilteredCollectionList.h */ = {isa = PBXFileReference; fileEncoding = 4; lastKnownFileType = sourcecode.c.h; path = RZFilteredCollectionList.h; sourceTree = "<group>"; };
		49973554192599AB0004A8E5 /* RZFilteredCollectionList.m */ = {isa = PBXFileReference; fileEncoding = 4; lastKnownFileType = sourcecode.c.objc; path = RZFilteredCollectionList.m; sourceTree = "<group>"; };
		49973555192599AB0004A8E5 /* RZObserverCollection.h */ = {isa = PBXFileReference; fileEncoding = 4; lastKnownFileType = sourcecode.c.h; path = RZObserverCollection.h; sourceTree = "<group>"; };
		49973556192599AB0004A8E5 /* RZObserverCollection.m */ = {isa = PBXFileReference; fileEncoding = 4; lastKnownFileType = sourcecode.c.objc; path = RZObserverCollection.m; sourceTree = "<group>"; };
		49973557192599AB0004A8E5 /* RZSortedCollectionList.h */ = {isa = PBXFileReference; fileEncoding = 4; lastKnownFileType = sourcecode.c.h; path = RZSortedCollectionList.h; sourceTree = "<group>"; };
		49973558192599AB0004A8E5 /* RZSortedCollectionList.m */ = {isa = PBXFileReference; fileEncoding = 4; lastKnownFileType = sourcecode.c.objc; path = RZSortedCollectionList.m; sourceTree = "<group>"; };
		49973559192599AB0004A8E5 /* RZCollectionList.h */ = {isa = PBXFileReference; fileEncoding = 4; lastKnownFileType = sourcecode.c.h; path = RZCollectionList.h; sourceTree = "<group>"; };
		499735A71925A0290004A8E5 /* NSNumber+MCKMath.h */ = {isa = PBXFileReference; fileEncoding = 4; lastKnownFileType = sourcecode.c.h; path = "NSNumber+MCKMath.h"; sourceTree = "<group>"; };
		499735A81925A0290004A8E5 /* NSNumber+MCKMath.m */ = {isa = PBXFileReference; fileEncoding = 4; lastKnownFileType = sourcecode.c.objc; path = "NSNumber+MCKMath.m"; sourceTree = "<group>"; };
		499735AA1925A0290004A8E5 /* MCKComplexNumber.h */ = {isa = PBXFileReference; fileEncoding = 4; lastKnownFileType = sourcecode.c.h; path = MCKComplexNumber.h; sourceTree = "<group>"; };
		499735AB1925A0290004A8E5 /* MCKComplexNumber.m */ = {isa = PBXFileReference; fileEncoding = 4; lastKnownFileType = sourcecode.c.objc; path = MCKComplexNumber.m; sourceTree = "<group>"; };
		499735AC1925A0290004A8E5 /* MCKNumberFormats.h */ = {isa = PBXFileReference; fileEncoding = 4; lastKnownFileType = sourcecode.c.h; path = MCKNumberFormats.h; sourceTree = "<group>"; };
		499735AD1925A0290004A8E5 /* MCKPair.h */ = {isa = PBXFileReference; fileEncoding = 4; lastKnownFileType = sourcecode.c.h; path = MCKPair.h; sourceTree = "<group>"; };
		499735AE1925A0290004A8E5 /* MCKPair.m */ = {isa = PBXFileReference; fileEncoding = 4; lastKnownFileType = sourcecode.c.objc; path = MCKPair.m; sourceTree = "<group>"; };
		499735AF1925A0290004A8E5 /* MCKRealNumber.h */ = {isa = PBXFileReference; fileEncoding = 4; lastKnownFileType = sourcecode.c.h; path = MCKRealNumber.h; sourceTree = "<group>"; };
		499735B01925A0290004A8E5 /* MCKRealNumber.m */ = {isa = PBXFileReference; fileEncoding = 4; lastKnownFileType = sourcecode.c.objc; path = MCKRealNumber.m; sourceTree = "<group>"; };
		499735B11925A0290004A8E5 /* MCKTribool.h */ = {isa = PBXFileReference; fileEncoding = 4; lastKnownFileType = sourcecode.c.h; path = MCKTribool.h; sourceTree = "<group>"; };
		499735B21925A0290004A8E5 /* MCKTribool.m */ = {isa = PBXFileReference; fileEncoding = 4; lastKnownFileType = sourcecode.c.objc; path = MCKTribool.m; sourceTree = "<group>"; };
		499735B41925A0290004A8E5 /* MCKEquation.h */ = {isa = PBXFileReference; fileEncoding = 4; lastKnownFileType = sourcecode.c.h; path = MCKEquation.h; sourceTree = "<group>"; };
		499735B51925A0290004A8E5 /* MCKPolynomial.h */ = {isa = PBXFileReference; fileEncoding = 4; lastKnownFileType = sourcecode.c.h; path = MCKPolynomial.h; sourceTree = "<group>"; };
		499735B61925A0290004A8E5 /* MCKPolynomial.m */ = {isa = PBXFileReference; fileEncoding = 4; lastKnownFileType = sourcecode.c.objc; path = MCKPolynomial.m; sourceTree = "<group>"; };
		499735B71925A0290004A8E5 /* MCKQuadratic.h */ = {isa = PBXFileReference; fileEncoding = 4; lastKnownFileType = sourcecode.c.h; path = MCKQuadratic.h; sourceTree = "<group>"; };
		499735B81925A0290004A8E5 /* MCKQuadratic.m */ = {isa = PBXFileReference; fileEncoding = 4; lastKnownFileType = sourcecode.c.objc; path = MCKQuadratic.m; sourceTree = "<group>"; };
		499735C11925A1280004A8E5 /* NSNumber+MCKPrecision.h */ = {isa = PBXFileReference; fileEncoding = 4; lastKnownFileType = sourcecode.c.h; path = "NSNumber+MCKPrecision.h"; sourceTree = "<group>"; };
		499735C21925A1280004A8E5 /* NSNumber+MCKPrecision.m */ = {isa = PBXFileReference; fileEncoding = 4; lastKnownFileType = sourcecode.c.objc; path = "NSNumber+MCKPrecision.m"; sourceTree = "<group>"; };
		499735C41925A1D80004A8E5 /* NSData+MCKPrecision.h */ = {isa = PBXFileReference; fileEncoding = 4; lastKnownFileType = sourcecode.c.h; path = "NSData+MCKPrecision.h"; sourceTree = "<group>"; };
		499735C51925A1D80004A8E5 /* NSData+MCKPrecision.m */ = {isa = PBXFileReference; fileEncoding = 4; lastKnownFileType = sourcecode.c.objc; path = "NSData+MCKPrecision.m"; sourceTree = "<group>"; };
		499FE2D91957C179001F0C23 /* MAVMatrix_Private.h */ = {isa = PBXFileReference; lastKnownFileType = sourcecode.c.h; path = MAVMatrix_Private.h; sourceTree = "<group>"; };
/* End PBXFileReference section */

/* Begin PBXFrameworksBuildPhase section */
		499734A8192594DF0004A8E5 /* Frameworks */ = {
			isa = PBXFrameworksBuildPhase;
			buildActionMask = 2147483647;
			files = (
				499734B1192594DF0004A8E5 /* CoreGraphics.framework in Frameworks */,
				499734AF192594DF0004A8E5 /* Foundation.framework in Frameworks */,
			);
			runOnlyForDeploymentPostprocessing = 0;
		};
		499734DC192595220004A8E5 /* Frameworks */ = {
			isa = PBXFrameworksBuildPhase;
			buildActionMask = 2147483647;
			files = (
				499734E0192595230004A8E5 /* XCTest.framework in Frameworks */,
				499734E1192595230004A8E5 /* Foundation.framework in Frameworks */,
			);
			runOnlyForDeploymentPostprocessing = 0;
		};
/* End PBXFrameworksBuildPhase section */

/* Begin PBXGroup section */
		499734A0192594B00004A8E5 = {
			isa = PBXGroup;
			children = (
				4997353E1925999F0004A8E5 /* External */,
				49973529192596BE0004A8E5 /* MaVec */,
				499734B4192594DF0004A8E5 /* MaVec-Demo */,
				499734E3192595230004A8E5 /* MaVec-Tests */,
				499734AD192594DF0004A8E5 /* Frameworks */,
				499734AC192594DF0004A8E5 /* Products */,
			);
			sourceTree = "<group>";
		};
		499734AC192594DF0004A8E5 /* Products */ = {
			isa = PBXGroup;
			children = (
				499734AB192594DF0004A8E5 /* MaVec-Demo.app */,
				499734DF192595230004A8E5 /* MaVec-Tests.xctest */,
			);
			name = Products;
			sourceTree = "<group>";
		};
		499734AD192594DF0004A8E5 /* Frameworks */ = {
			isa = PBXGroup;
			children = (
				499734AE192594DF0004A8E5 /* Foundation.framework */,
				499734B0192594DF0004A8E5 /* CoreGraphics.framework */,
				499734C7192594DF0004A8E5 /* XCTest.framework */,
			);
			name = Frameworks;
			sourceTree = "<group>";
		};
		499734B4192594DF0004A8E5 /* MaVec-Demo */ = {
			isa = PBXGroup;
			children = (
				49973516192596B70004A8E5 /* View Controllers */,
				499734BD192594DF0004A8E5 /* AppDelegate.h */,
				499734BE192594DF0004A8E5 /* AppDelegate.m */,
				499734C0192594DF0004A8E5 /* Images.xcassets */,
				499734B5192594DF0004A8E5 /* Supporting Files */,
			);
			path = "MaVec-Demo";
			sourceTree = "<group>";
		};
		499734B5192594DF0004A8E5 /* Supporting Files */ = {
			isa = PBXGroup;
			children = (
				499734B6192594DF0004A8E5 /* MaVec-Demo-Info.plist */,
				499734B7192594DF0004A8E5 /* InfoPlist.strings */,
				499734BA192594DF0004A8E5 /* main.m */,
				499734BC192594DF0004A8E5 /* MaVec-Demo-Prefix.pch */,
			);
			name = "Supporting Files";
			sourceTree = "<group>";
		};
		499734E3192595230004A8E5 /* MaVec-Tests */ = {
			isa = PBXGroup;
			children = (
				499734EF1925969A0004A8E5 /* Matrix Tests */,
				4997350E192596A10004A8E5 /* Vector Tests */,
				49973511192596AB0004A8E5 /* Mixed Tests */,
				499734E4192595230004A8E5 /* Supporting Files */,
			);
			path = "MaVec-Tests";
			sourceTree = "<group>";
		};
		499734E4192595230004A8E5 /* Supporting Files */ = {
			isa = PBXGroup;
			children = (
				499734E5192595230004A8E5 /* MaVec-Tests-Info.plist */,
				499734E6192595230004A8E5 /* InfoPlist.strings */,
				499734EB192595230004A8E5 /* MaVec-Tests-Prefix.pch */,
			);
			name = "Supporting Files";
			sourceTree = "<group>";
		};
		499734EF1925969A0004A8E5 /* Matrix Tests */ = {
			isa = PBXGroup;
			children = (
				499734F01925969A0004A8E5 /* MAVEigendecompositionTests.m */,
				499734F11925969A0004A8E5 /* MAVLeastSquaresSolutionTests.m */,
				499734F21925969A0004A8E5 /* MAVLUDecompositionTests.m */,
				499734F31925969A0004A8E5 /* MAVMatrixArithmeticTests.m */,
				499734F41925969A0004A8E5 /* MAVMatrixConstructionTests.m */,
				499734F51925969A0004A8E5 /* MAVMatrixCopyAndEqualityTests.m */,
				499734F61925969A0004A8E5 /* MAVMatrixInversionTests.m */,
				499734F71925969A0004A8E5 /* MAVMatrixMultiplicationTests.m */,
				499734F81925969A0004A8E5 /* MAVMatrixOperationTests.m */,
				499734F91925969A0004A8E5 /* MAVMatrixPropertyTests.m */,
				499734FA1925969A0004A8E5 /* MAVMatrixValueRepresentationConversion.m */,
				499734FB1925969A0004A8E5 /* MAVMinorCofactorAdjugateTests.m */,
				499734FC1925969A0004A8E5 /* MAVQRDecompositionTests.m */,
				499734FD1925969A0004A8E5 /* MAVRotationMatrixTests.m */,
				499734FE1925969A0004A8E5 /* MAVSingularValueDecompositionTests.m */,
			);
			path = "Matrix Tests";
			sourceTree = "<group>";
		};
		4997350E192596A10004A8E5 /* Vector Tests */ = {
			isa = PBXGroup;
			children = (
				4997350F192596A10004A8E5 /* MAVVectorTests.m */,
			);
			path = "Vector Tests";
			sourceTree = "<group>";
		};
		49973511192596AB0004A8E5 /* Mixed Tests */ = {
			isa = PBXGroup;
			children = (
				49973512192596AB0004A8E5 /* Demos.m */,
				49973513192596AB0004A8E5 /* MaVecTests.m */,
			);
			path = "Mixed Tests";
			sourceTree = "<group>";
		};
		49973516192596B70004A8E5 /* View Controllers */ = {
			isa = PBXGroup;
			children = (
				49973517192596B70004A8E5 /* ApproximationView.h */,
				49973518192596B70004A8E5 /* ApproximationView.m */,
				49973519192596B70004A8E5 /* DemoChoiceTableViewController.h */,
				4997351A192596B70004A8E5 /* DemoChoiceTableViewController.m */,
				4997351B192596B70004A8E5 /* LeastSquaresApproximationViewController.h */,
				4997351C192596B70004A8E5 /* LeastSquaresApproximationViewController.m */,
				4997351D192596B70004A8E5 /* LeastSquaresApproximationViewController.xib */,
				4997351E192596B70004A8E5 /* LinearApproximationView.xib */,
				4997351F192596B70004A8E5 /* SVDImageCompressionViewController.h */,
				49973520192596B70004A8E5 /* SVDImageCompressionViewController.m */,
				49973521192596B70004A8E5 /* SVDImageCompressionViewController.xib */,
			);
			path = "View Controllers";
			sourceTree = "<group>";
		};
		49973529192596BE0004A8E5 /* MaVec */ = {
			isa = PBXGroup;
			children = (
				4997352A192596BE0004A8E5 /* Matrices */,
				49973535192596BE0004A8E5 /* Vectors */,
			);
			path = MaVec;
			sourceTree = "<group>";
		};
		4997352A192596BE0004A8E5 /* Matrices */ = {
			isa = PBXGroup;
			children = (
				4997352B192596BE0004A8E5 /* MAVEigendecomposition.h */,
				4997352C192596BE0004A8E5 /* MAVEigendecomposition.m */,
				4997352D192596BE0004A8E5 /* MAVLUFactorization.h */,
				4997352E192596BE0004A8E5 /* MAVLUFactorization.m */,
				4997352F192596BE0004A8E5 /* MAVMatrix.h */,
				499FE2D91957C179001F0C23 /* MAVMatrix_Private.h */,
				49973530192596BE0004A8E5 /* MAVMatrix.m */,
				491FF1A3193BC6FA00A5F3CE /* MAVMutableMatrix.h */,
				491FF1A4193BC6FA00A5F3CE /* MAVMutableMatrix.m */,
				49973531192596BE0004A8E5 /* MAVQRFactorization.h */,
				49973532192596BE0004A8E5 /* MAVQRFactorization.m */,
				49973533192596BE0004A8E5 /* MAVSingularValueDecomposition.h */,
				49973534192596BE0004A8E5 /* MAVSingularValueDecomposition.m */,
			);
			path = Matrices;
			sourceTree = "<group>";
		};
		49973535192596BE0004A8E5 /* Vectors */ = {
			isa = PBXGroup;
			children = (
				491FF1A6193BC75300A5F3CE /* MAVMutableVector.h */,
				491FF1A7193BC75300A5F3CE /* MAVMutableVector.m */,
				49973536192596BE0004A8E5 /* MAVVector.h */,
				49973537192596BE0004A8E5 /* MAVVector.m */,
			);
			path = Vectors;
			sourceTree = "<group>";
		};
		4997353E1925999F0004A8E5 /* External */ = {
			isa = PBXGroup;
			children = (
				499735A51925A0290004A8E5 /* MCKNumerics */,
				4997353F192599AB0004A8E5 /* RZCollectionList */,
			);
			name = External;
			sourceTree = "<group>";
		};
		4997353F192599AB0004A8E5 /* RZCollectionList */ = {
			isa = PBXGroup;
			children = (
				49973540192599AB0004A8E5 /* Classes */,
				49973559192599AB0004A8E5 /* RZCollectionList.h */,
			);
			name = RZCollectionList;
			path = External/RZCollectionList/RZCollectionList;
			sourceTree = "<group>";
		};
		49973540192599AB0004A8E5 /* Classes */ = {
			isa = PBXGroup;
			children = (
				49973541192599AB0004A8E5 /* NSFetchRequest+RZCreationHelpers.h */,
				49973542192599AB0004A8E5 /* NSFetchRequest+RZCreationHelpers.m */,
				49973543192599AB0004A8E5 /* RZArrayCollectionList.h */,
				49973544192599AB0004A8E5 /* RZArrayCollectionList.m */,
				49973545192599AB0004A8E5 /* RZBaseCollectionList.h */,
				49973546192599AB0004A8E5 /* RZBaseCollectionList.m */,
				49973547192599AB0004A8E5 /* RZBaseCollectionList_Private.h */,
				49973548192599AB0004A8E5 /* RZCollectionListCollectionViewDataSource.h */,
				49973549192599AB0004A8E5 /* RZCollectionListCollectionViewDataSource.m */,
				4997354A192599AB0004A8E5 /* RZCollectionListNotificationWrappers.h */,
				4997354B192599AB0004A8E5 /* RZCollectionListNotificationWrappers.m */,
				4997354C192599AB0004A8E5 /* RZCollectionListProtocol.h */,
				4997354D192599AB0004A8E5 /* RZCollectionListTableViewDataSource.h */,
				4997354E192599AB0004A8E5 /* RZCollectionListTableViewDataSource.m */,
				4997354F192599AB0004A8E5 /* RZCompositeCollectionList.h */,
				49973550192599AB0004A8E5 /* RZCompositeCollectionList.m */,
				49973551192599AB0004A8E5 /* RZFetchedCollectionList.h */,
				49973552192599AB0004A8E5 /* RZFetchedCollectionList.m */,
				49973553192599AB0004A8E5 /* RZFilteredCollectionList.h */,
				49973554192599AB0004A8E5 /* RZFilteredCollectionList.m */,
				49973555192599AB0004A8E5 /* RZObserverCollection.h */,
				49973556192599AB0004A8E5 /* RZObserverCollection.m */,
				49973557192599AB0004A8E5 /* RZSortedCollectionList.h */,
				49973558192599AB0004A8E5 /* RZSortedCollectionList.m */,
			);
			path = Classes;
			sourceTree = "<group>";
		};
		499735A51925A0290004A8E5 /* MCKNumerics */ = {
			isa = PBXGroup;
			children = (
				499735A61925A0290004A8E5 /* Categories */,
				499735A91925A0290004A8E5 /* Data Types */,
				499735B31925A0290004A8E5 /* Equations */,
				499735B91925A0290004A8E5 /* MCKNumerics */,
			);
			name = MCKNumerics;
			path = External/MCKNumerics/MCKNumerics;
			sourceTree = "<group>";
		};
		499735A61925A0290004A8E5 /* Categories */ = {
			isa = PBXGroup;
			children = (
				499735A71925A0290004A8E5 /* NSNumber+MCKMath.h */,
				499735A81925A0290004A8E5 /* NSNumber+MCKMath.m */,
				499735C11925A1280004A8E5 /* NSNumber+MCKPrecision.h */,
				499735C21925A1280004A8E5 /* NSNumber+MCKPrecision.m */,
				499735C41925A1D80004A8E5 /* NSData+MCKPrecision.h */,
				499735C51925A1D80004A8E5 /* NSData+MCKPrecision.m */,
			);
			path = Categories;
			sourceTree = "<group>";
		};
		499735A91925A0290004A8E5 /* Data Types */ = {
			isa = PBXGroup;
			children = (
				499735AA1925A0290004A8E5 /* MCKComplexNumber.h */,
				499735AB1925A0290004A8E5 /* MCKComplexNumber.m */,
				499735AC1925A0290004A8E5 /* MCKNumberFormats.h */,
				499735AD1925A0290004A8E5 /* MCKPair.h */,
				499735AE1925A0290004A8E5 /* MCKPair.m */,
				499735AF1925A0290004A8E5 /* MCKRealNumber.h */,
				499735B01925A0290004A8E5 /* MCKRealNumber.m */,
				499735B11925A0290004A8E5 /* MCKTribool.h */,
				499735B21925A0290004A8E5 /* MCKTribool.m */,
			);
			path = "Data Types";
			sourceTree = "<group>";
		};
		499735B31925A0290004A8E5 /* Equations */ = {
			isa = PBXGroup;
			children = (
				499735B41925A0290004A8E5 /* MCKEquation.h */,
				499735B51925A0290004A8E5 /* MCKPolynomial.h */,
				499735B61925A0290004A8E5 /* MCKPolynomial.m */,
				499735B71925A0290004A8E5 /* MCKQuadratic.h */,
				499735B81925A0290004A8E5 /* MCKQuadratic.m */,
			);
			path = Equations;
			sourceTree = "<group>";
		};
		499735B91925A0290004A8E5 /* MCKNumerics */ = {
			isa = PBXGroup;
			children = (
			);
			path = MCKNumerics;
			sourceTree = "<group>";
		};
/* End PBXGroup section */

/* Begin PBXNativeTarget section */
		499734AA192594DF0004A8E5 /* MaVec-Demo */ = {
			isa = PBXNativeTarget;
			buildConfigurationList = 499734D5192594E00004A8E5 /* Build configuration list for PBXNativeTarget "MaVec-Demo" */;
			buildPhases = (
				499734A7192594DF0004A8E5 /* Sources */,
				499734A8192594DF0004A8E5 /* Frameworks */,
				499734A9192594DF0004A8E5 /* Resources */,
			);
			buildRules = (
			);
			dependencies = (
			);
			name = "MaVec-Demo";
			productName = "MaVec-Demo";
			productReference = 499734AB192594DF0004A8E5 /* MaVec-Demo.app */;
			productType = "com.apple.product-type.application";
		};
		499734DE192595220004A8E5 /* MaVec-Tests */ = {
			isa = PBXNativeTarget;
			buildConfigurationList = 499734EC192595230004A8E5 /* Build configuration list for PBXNativeTarget "MaVec-Tests" */;
			buildPhases = (
				499734DB192595220004A8E5 /* Sources */,
				499734DC192595220004A8E5 /* Frameworks */,
				499734DD192595220004A8E5 /* Resources */,
			);
			buildRules = (
			);
			dependencies = (
			);
			name = "MaVec-Tests";
			productName = "MaVec-Tests";
			productReference = 499734DF192595230004A8E5 /* MaVec-Tests.xctest */;
			productType = "com.apple.product-type.bundle.unit-test";
		};
/* End PBXNativeTarget section */

/* Begin PBXProject section */
		499734A1192594B00004A8E5 /* Project object */ = {
			isa = PBXProject;
			attributes = {
				CLASSPREFIX = MAV;
				LastUpgradeCheck = 0510;
				ORGANIZATIONNAME = AMProductions;
				TargetAttributes = {
					499734DE192595220004A8E5 = {
						TestTargetID = 499734AA192594DF0004A8E5;
					};
				};
			};
			buildConfigurationList = 499734A4192594B00004A8E5 /* Build configuration list for PBXProject "MaVec" */;
			compatibilityVersion = "Xcode 3.2";
			developmentRegion = English;
			hasScannedForEncodings = 0;
			knownRegions = (
				en,
			);
			mainGroup = 499734A0192594B00004A8E5;
			productRefGroup = 499734AC192594DF0004A8E5 /* Products */;
			projectDirPath = "";
			projectRoot = "";
			targets = (
				499734AA192594DF0004A8E5 /* MaVec-Demo */,
				499734DE192595220004A8E5 /* MaVec-Tests */,
			);
		};
/* End PBXProject section */

/* Begin PBXResourcesBuildPhase section */
		499734A9192594DF0004A8E5 /* Resources */ = {
			isa = PBXResourcesBuildPhase;
			buildActionMask = 2147483647;
			files = (
				499734B9192594DF0004A8E5 /* InfoPlist.strings in Resources */,
				49973528192596B70004A8E5 /* SVDImageCompressionViewController.xib in Resources */,
				49973526192596B70004A8E5 /* LinearApproximationView.xib in Resources */,
				499734C1192594DF0004A8E5 /* Images.xcassets in Resources */,
				49973525192596B70004A8E5 /* LeastSquaresApproximationViewController.xib in Resources */,
			);
			runOnlyForDeploymentPostprocessing = 0;
		};
		499734DD192595220004A8E5 /* Resources */ = {
			isa = PBXResourcesBuildPhase;
			buildActionMask = 2147483647;
			files = (
				499734E8192595230004A8E5 /* InfoPlist.strings in Resources */,
			);
			runOnlyForDeploymentPostprocessing = 0;
		};
/* End PBXResourcesBuildPhase section */

/* Begin PBXSourcesBuildPhase section */
		499734A7192594DF0004A8E5 /* Sources */ = {
			isa = PBXSourcesBuildPhase;
			buildActionMask = 2147483647;
			files = (
				499735C01925A0290004A8E5 /* MCKQuadratic.m in Sources */,
				49973524192596B70004A8E5 /* LeastSquaresApproximationViewController.m in Sources */,
				491FF1A8193BC75300A5F3CE /* MAVMutableVector.m in Sources */,
				49973563192599AB0004A8E5 /* RZObserverCollection.m in Sources */,
				49973539192596BE0004A8E5 /* MAVLUFactorization.m in Sources */,
				4997355F192599AB0004A8E5 /* RZCollectionListTableViewDataSource.m in Sources */,
				499735BD1925A0290004A8E5 /* MCKRealNumber.m in Sources */,
				4997353A192596BE0004A8E5 /* MAVMatrix.m in Sources */,
				4997355E192599AB0004A8E5 /* RZCollectionListNotificationWrappers.m in Sources */,
				49973522192596B70004A8E5 /* ApproximationView.m in Sources */,
				499735BA1925A0290004A8E5 /* NSNumber+MCKMath.m in Sources */,
				49973564192599AB0004A8E5 /* RZSortedCollectionList.m in Sources */,
				4997353C192596BE0004A8E5 /* MAVSingularValueDecomposition.m in Sources */,
				4997355C192599AB0004A8E5 /* RZBaseCollectionList.m in Sources */,
				499735BF1925A0290004A8E5 /* MCKPolynomial.m in Sources */,
				491FF1A5193BC6FA00A5F3CE /* MAVMutableMatrix.m in Sources */,
				49973562192599AB0004A8E5 /* RZFilteredCollectionList.m in Sources */,
				499735BB1925A0290004A8E5 /* MCKComplexNumber.m in Sources */,
				49973523192596B70004A8E5 /* DemoChoiceTableViewController.m in Sources */,
				4997355A192599AB0004A8E5 /* NSFetchRequest+RZCreationHelpers.m in Sources */,
				499735BC1925A0290004A8E5 /* MCKPair.m in Sources */,
				499735BE1925A0290004A8E5 /* MCKTribool.m in Sources */,
				4997355B192599AB0004A8E5 /* RZArrayCollectionList.m in Sources */,
				4997353B192596BE0004A8E5 /* MAVQRFactorization.m in Sources */,
				499734BF192594DF0004A8E5 /* AppDelegate.m in Sources */,
				4997355D192599AB0004A8E5 /* RZCollectionListCollectionViewDataSource.m in Sources */,
				499734BB192594DF0004A8E5 /* main.m in Sources */,
				49973561192599AB0004A8E5 /* RZFetchedCollectionList.m in Sources */,
				4997353D192596BE0004A8E5 /* MAVVector.m in Sources */,
				499735C31925A1280004A8E5 /* NSNumber+MCKPrecision.m in Sources */,
				49973560192599AB0004A8E5 /* RZCompositeCollectionList.m in Sources */,
				49973538192596BE0004A8E5 /* MAVEigendecomposition.m in Sources */,
				49973527192596B70004A8E5 /* SVDImageCompressionViewController.m in Sources */,
				499735C61925A1D80004A8E5 /* NSData+MCKPrecision.m in Sources */,
			);
			runOnlyForDeploymentPostprocessing = 0;
		};
		499734DB192595220004A8E5 /* Sources */ = {
			isa = PBXSourcesBuildPhase;
			buildActionMask = 2147483647;
			files = (
				4997350B1925969A0004A8E5 /* MAVQRDecompositionTests.m in Sources */,
				499735081925969A0004A8E5 /* MAVMatrixPropertyTests.m in Sources */,
				4997350D1925969A0004A8E5 /* MAVSingularValueDecompositionTests.m in Sources */,
				499735001925969A0004A8E5 /* MAVLeastSquaresSolutionTests.m in Sources */,
				499735091925969A0004A8E5 /* MAVMatrixValueRepresentationConversion.m in Sources */,
				49973510192596A10004A8E5 /* MAVVectorTests.m in Sources */,
				49973514192596AB0004A8E5 /* Demos.m in Sources */,
				499735011925969A0004A8E5 /* MAVLUDecompositionTests.m in Sources */,
				499735071925969A0004A8E5 /* MAVMatrixOperationTests.m in Sources */,
				499735051925969A0004A8E5 /* MAVMatrixInversionTests.m in Sources */,
				499735061925969A0004A8E5 /* MAVMatrixMultiplicationTests.m in Sources */,
				499734FF1925969A0004A8E5 /* MAVEigendecompositionTests.m in Sources */,
				49973515192596AB0004A8E5 /* MaVecTests.m in Sources */,
				4997350C1925969A0004A8E5 /* MAVRotationMatrixTests.m in Sources */,
				4997350A1925969A0004A8E5 /* MAVMinorCofactorAdjugateTests.m in Sources */,
				499735031925969A0004A8E5 /* MAVMatrixConstructionTests.m in Sources */,
				499735041925969A0004A8E5 /* MAVMatrixCopyAndEqualityTests.m in Sources */,
				499735021925969A0004A8E5 /* MAVMatrixArithmeticTests.m in Sources */,
			);
			runOnlyForDeploymentPostprocessing = 0;
		};
/* End PBXSourcesBuildPhase section */

/* Begin PBXVariantGroup section */
		499734B7192594DF0004A8E5 /* InfoPlist.strings */ = {
			isa = PBXVariantGroup;
			children = (
				499734B8192594DF0004A8E5 /* en */,
			);
			name = InfoPlist.strings;
			sourceTree = "<group>";
		};
		499734E6192595230004A8E5 /* InfoPlist.strings */ = {
			isa = PBXVariantGroup;
			children = (
				499734E7192595230004A8E5 /* en */,
			);
			name = InfoPlist.strings;
			sourceTree = "<group>";
		};
/* End PBXVariantGroup section */

/* Begin XCBuildConfiguration section */
		499734A5192594B00004A8E5 /* Debug */ = {
			isa = XCBuildConfiguration;
			buildSettings = {
			};
			name = Debug;
		};
		499734A6192594B00004A8E5 /* Release */ = {
			isa = XCBuildConfiguration;
			buildSettings = {
			};
			name = Release;
		};
		499734D6192594E00004A8E5 /* Debug */ = {
			isa = XCBuildConfiguration;
			buildSettings = {
				ALWAYS_SEARCH_USER_PATHS = NO;
				ASSETCATALOG_COMPILER_APPICON_NAME = AppIcon;
				ASSETCATALOG_COMPILER_LAUNCHIMAGE_NAME = LaunchImage;
				CLANG_CXX_LANGUAGE_STANDARD = "gnu++0x";
				CLANG_CXX_LIBRARY = "libc++";
				CLANG_ENABLE_MODULES = YES;
				CLANG_ENABLE_OBJC_ARC = YES;
				CLANG_WARN_BOOL_CONVERSION = YES;
				CLANG_WARN_CONSTANT_CONVERSION = YES;
				CLANG_WARN_DIRECT_OBJC_ISA_USAGE = YES_ERROR;
				CLANG_WARN_EMPTY_BODY = YES;
				CLANG_WARN_ENUM_CONVERSION = YES;
				CLANG_WARN_INT_CONVERSION = YES;
				CLANG_WARN_OBJC_ROOT_CLASS = YES_ERROR;
				CLANG_WARN__DUPLICATE_METHOD_MATCH = YES;
				"CODE_SIGN_IDENTITY[sdk=iphoneos*]" = "iPhone Developer";
				COPY_PHASE_STRIP = NO;
				FRAMEWORK_SEARCH_PATHS = (
					"$(inherited)",
					"$(DEVELOPER_FRAMEWORKS_DIR)",
				);
				GCC_C_LANGUAGE_STANDARD = gnu99;
				GCC_DYNAMIC_NO_PIC = NO;
				GCC_OPTIMIZATION_LEVEL = 0;
				GCC_PRECOMPILE_PREFIX_HEADER = YES;
				GCC_PREFIX_HEADER = "MaVec-Demo/MaVec-Demo-Prefix.pch";
				GCC_PREPROCESSOR_DEFINITIONS = (
					"DEBUG=1",
					"$(inherited)",
				);
				GCC_SYMBOLS_PRIVATE_EXTERN = NO;
				GCC_WARN_64_TO_32_BIT_CONVERSION = YES;
				GCC_WARN_ABOUT_RETURN_TYPE = YES_ERROR;
				GCC_WARN_UNDECLARED_SELECTOR = YES;
				GCC_WARN_UNINITIALIZED_AUTOS = YES_AGGRESSIVE;
				GCC_WARN_UNUSED_FUNCTION = YES;
				GCC_WARN_UNUSED_VARIABLE = YES;
				INFOPLIST_FILE = "MaVec-Demo/MaVec-Demo-Info.plist";
				IPHONEOS_DEPLOYMENT_TARGET = 7.1;
				ONLY_ACTIVE_ARCH = YES;
				PRODUCT_NAME = "$(TARGET_NAME)";
				SDKROOT = iphoneos;
				TARGETED_DEVICE_FAMILY = "1,2";
				WRAPPER_EXTENSION = app;
			};
			name = Debug;
		};
		499734D7192594E00004A8E5 /* Release */ = {
			isa = XCBuildConfiguration;
			buildSettings = {
				ALWAYS_SEARCH_USER_PATHS = NO;
				ASSETCATALOG_COMPILER_APPICON_NAME = AppIcon;
				ASSETCATALOG_COMPILER_LAUNCHIMAGE_NAME = LaunchImage;
				CLANG_CXX_LANGUAGE_STANDARD = "gnu++0x";
				CLANG_CXX_LIBRARY = "libc++";
				CLANG_ENABLE_MODULES = YES;
				CLANG_ENABLE_OBJC_ARC = YES;
				CLANG_WARN_BOOL_CONVERSION = YES;
				CLANG_WARN_CONSTANT_CONVERSION = YES;
				CLANG_WARN_DIRECT_OBJC_ISA_USAGE = YES_ERROR;
				CLANG_WARN_EMPTY_BODY = YES;
				CLANG_WARN_ENUM_CONVERSION = YES;
				CLANG_WARN_INT_CONVERSION = YES;
				CLANG_WARN_OBJC_ROOT_CLASS = YES_ERROR;
				CLANG_WARN__DUPLICATE_METHOD_MATCH = YES;
				"CODE_SIGN_IDENTITY[sdk=iphoneos*]" = "iPhone Developer";
				COPY_PHASE_STRIP = YES;
				ENABLE_NS_ASSERTIONS = NO;
				FRAMEWORK_SEARCH_PATHS = (
					"$(inherited)",
					"$(DEVELOPER_FRAMEWORKS_DIR)",
				);
				GCC_C_LANGUAGE_STANDARD = gnu99;
				GCC_PRECOMPILE_PREFIX_HEADER = YES;
				GCC_PREFIX_HEADER = "MaVec-Demo/MaVec-Demo-Prefix.pch";
				GCC_WARN_64_TO_32_BIT_CONVERSION = YES;
				GCC_WARN_ABOUT_RETURN_TYPE = YES_ERROR;
				GCC_WARN_UNDECLARED_SELECTOR = YES;
				GCC_WARN_UNINITIALIZED_AUTOS = YES_AGGRESSIVE;
				GCC_WARN_UNUSED_FUNCTION = YES;
				GCC_WARN_UNUSED_VARIABLE = YES;
				INFOPLIST_FILE = "MaVec-Demo/MaVec-Demo-Info.plist";
				IPHONEOS_DEPLOYMENT_TARGET = 7.1;
				PRODUCT_NAME = "$(TARGET_NAME)";
				SDKROOT = iphoneos;
				TARGETED_DEVICE_FAMILY = "1,2";
				VALIDATE_PRODUCT = YES;
				WRAPPER_EXTENSION = app;
			};
			name = Release;
		};
		499734ED192595230004A8E5 /* Debug */ = {
			isa = XCBuildConfiguration;
			buildSettings = {
				ALWAYS_SEARCH_USER_PATHS = NO;
				BUNDLE_LOADER = "$(BUILT_PRODUCTS_DIR)/MaVec-Demo.app/MaVec-Demo";
				CLANG_CXX_LANGUAGE_STANDARD = "gnu++0x";
				CLANG_CXX_LIBRARY = "libc++";
				CLANG_ENABLE_MODULES = YES;
				CLANG_ENABLE_OBJC_ARC = YES;
				CLANG_WARN_BOOL_CONVERSION = YES;
				CLANG_WARN_CONSTANT_CONVERSION = YES;
				CLANG_WARN_DIRECT_OBJC_ISA_USAGE = YES_ERROR;
				CLANG_WARN_EMPTY_BODY = YES;
				CLANG_WARN_ENUM_CONVERSION = YES;
				CLANG_WARN_INT_CONVERSION = YES;
				CLANG_WARN_OBJC_ROOT_CLASS = YES_ERROR;
				CLANG_WARN__DUPLICATE_METHOD_MATCH = YES;
				COPY_PHASE_STRIP = NO;
				FRAMEWORK_SEARCH_PATHS = (
					"$(SDKROOT)/Developer/Library/Frameworks",
					"$(inherited)",
					"$(DEVELOPER_FRAMEWORKS_DIR)",
				);
				GCC_C_LANGUAGE_STANDARD = gnu99;
				GCC_DYNAMIC_NO_PIC = NO;
				GCC_OPTIMIZATION_LEVEL = 0;
				GCC_PRECOMPILE_PREFIX_HEADER = YES;
				GCC_PREFIX_HEADER = "MaVec-Tests/MaVec-Tests-Prefix.pch";
				GCC_PREPROCESSOR_DEFINITIONS = (
					"DEBUG=1",
					"$(inherited)",
				);
				GCC_SYMBOLS_PRIVATE_EXTERN = NO;
				GCC_WARN_64_TO_32_BIT_CONVERSION = YES;
				GCC_WARN_ABOUT_RETURN_TYPE = YES_ERROR;
				GCC_WARN_UNDECLARED_SELECTOR = YES;
				GCC_WARN_UNINITIALIZED_AUTOS = YES_AGGRESSIVE;
				GCC_WARN_UNUSED_FUNCTION = YES;
				GCC_WARN_UNUSED_VARIABLE = YES;
				INFOPLIST_FILE = "MaVec-Tests/MaVec-Tests-Info.plist";
				IPHONEOS_DEPLOYMENT_TARGET = 7.1;
				ONLY_ACTIVE_ARCH = YES;
				PRODUCT_NAME = "$(TARGET_NAME)";
				SDKROOT = iphoneos;
				TEST_HOST = "$(BUNDLE_LOADER)";
				WRAPPER_EXTENSION = xctest;
			};
			name = Debug;
		};
		499734EE192595230004A8E5 /* Release */ = {
			isa = XCBuildConfiguration;
			buildSettings = {
				ALWAYS_SEARCH_USER_PATHS = NO;
				BUNDLE_LOADER = "$(BUILT_PRODUCTS_DIR)/MaVec-Demo.app/MaVec-Demo";
				CLANG_CXX_LANGUAGE_STANDARD = "gnu++0x";
				CLANG_CXX_LIBRARY = "libc++";
				CLANG_ENABLE_MODULES = YES;
				CLANG_ENABLE_OBJC_ARC = YES;
				CLANG_WARN_BOOL_CONVERSION = YES;
				CLANG_WARN_CONSTANT_CONVERSION = YES;
				CLANG_WARN_DIRECT_OBJC_ISA_USAGE = YES_ERROR;
				CLANG_WARN_EMPTY_BODY = YES;
				CLANG_WARN_ENUM_CONVERSION = YES;
				CLANG_WARN_INT_CONVERSION = YES;
				CLANG_WARN_OBJC_ROOT_CLASS = YES_ERROR;
				CLANG_WARN__DUPLICATE_METHOD_MATCH = YES;
				COPY_PHASE_STRIP = YES;
				ENABLE_NS_ASSERTIONS = NO;
				FRAMEWORK_SEARCH_PATHS = (
					"$(SDKROOT)/Developer/Library/Frameworks",
					"$(inherited)",
					"$(DEVELOPER_FRAMEWORKS_DIR)",
				);
				GCC_C_LANGUAGE_STANDARD = gnu99;
				GCC_PRECOMPILE_PREFIX_HEADER = YES;
				GCC_PREFIX_HEADER = "MaVec-Tests/MaVec-Tests-Prefix.pch";
				GCC_WARN_64_TO_32_BIT_CONVERSION = YES;
				GCC_WARN_ABOUT_RETURN_TYPE = YES_ERROR;
				GCC_WARN_UNDECLARED_SELECTOR = YES;
				GCC_WARN_UNINITIALIZED_AUTOS = YES_AGGRESSIVE;
				GCC_WARN_UNUSED_FUNCTION = YES;
				GCC_WARN_UNUSED_VARIABLE = YES;
				INFOPLIST_FILE = "MaVec-Tests/MaVec-Tests-Info.plist";
				IPHONEOS_DEPLOYMENT_TARGET = 7.1;
				PRODUCT_NAME = "$(TARGET_NAME)";
				SDKROOT = iphoneos;
				TEST_HOST = "$(BUNDLE_LOADER)";
				VALIDATE_PRODUCT = YES;
				WRAPPER_EXTENSION = xctest;
			};
			name = Release;
		};
/* End XCBuildConfiguration section */

/* Begin XCConfigurationList section */
		499734A4192594B00004A8E5 /* Build configuration list for PBXProject "MaVec" */ = {
			isa = XCConfigurationList;
			buildConfigurations = (
				499734A5192594B00004A8E5 /* Debug */,
				499734A6192594B00004A8E5 /* Release */,
			);
			defaultConfigurationIsVisible = 0;
			defaultConfigurationName = Release;
		};
		499734D5192594E00004A8E5 /* Build configuration list for PBXNativeTarget "MaVec-Demo" */ = {
			isa = XCConfigurationList;
			buildConfigurations = (
				499734D6192594E00004A8E5 /* Debug */,
				499734D7192594E00004A8E5 /* Release */,
			);
			defaultConfigurationIsVisible = 0;
			defaultConfigurationName = Release;
		};
		499734EC192595230004A8E5 /* Build configuration list for PBXNativeTarget "MaVec-Tests" */ = {
			isa = XCConfigurationList;
			buildConfigurations = (
				499734ED192595230004A8E5 /* Debug */,
				499734EE192595230004A8E5 /* Release */,
			);
			defaultConfigurationIsVisible = 0;
			defaultConfigurationName = Release;
		};
/* End XCConfigurationList section */
	};
	rootObject = 499734A1192594B00004A8E5 /* Project object */;
}
